
Microsoft Visual Studio Solution File, Format Version 12.00
# Visual Studio Version 17
VisualStudioVersion = 17.11.35312.102
MinimumVisualStudioVersion = 10.0.40219.1
Project("{FAE04EC0-301F-11D3-BF4B-00C04F79EFBC}") = "ArtworksApp", "ArtworksApp\ArtworksApp.csproj", "{437DE5E5-E931-40F4-B713-1B7965EE9F49}"
EndProject
Global
	GlobalSection(SolutionConfigurationPlatforms) = preSolution
		Debug|Any CPU = Debug|Any CPU
		Release|Any CPU = Release|Any CPU
	EndGlobalSection
	GlobalSection(ProjectConfigurationPlatforms) = postSolution
		{437DE5E5-E931-40F4-B713-1B7965EE9F49}.Debug|Any CPU.ActiveCfg = Debug|Any CPU
		{437DE5E5-E931-40F4-B713-1B7965EE9F49}.Debug|Any CPU.Build.0 = Debug|Any CPU
		{437DE5E5-E931-40F4-B713-1B7965EE9F49}.Release|Any CPU.ActiveCfg = Release|Any CPU
		{437DE5E5-E931-40F4-B713-1B7965EE9F49}.Release|Any CPU.Build.0 = Release|Any CPU
	EndGlobalSection
	GlobalSection(SolutionProperties) = preSolution
		HideSolutionNode = FALSE
	EndGlobalSection
	GlobalSection(ExtensibilityGlobals) = postSolution
		SolutionGuid = {F7C69C94-0E4E-4B2F-BED8-3D0F95922007}
	EndGlobalSection
EndGlobal
